
Microsoft Visual Studio Solution File, Format Version 12.00
# Visual Studio Version 16
VisualStudioVersion = 16.0.31729.503
MinimumVisualStudioVersion = 10.0.40219.1
Project("{FAE04EC0-301F-11D3-BF4B-00C04F79EFBC}") = "CleanBlog.Web", "CleanBlog.Web\CleanBlog.Web.csproj", "{FB6D1960-E8FC-4798-AF89-E49FF70CBED1}"
EndProject
Global
	GlobalSection(SolutionConfigurationPlatforms) = preSolution
		Debug|Any CPU = Debug|Any CPU
		Release|Any CPU = Release|Any CPU
	EndGlobalSection
	GlobalSection(ProjectConfigurationPlatforms) = postSolution
		{FB6D1960-E8FC-4798-AF89-E49FF70CBED1}.Debug|Any CPU.ActiveCfg = Debug|Any CPU
		{FB6D1960-E8FC-4798-AF89-E49FF70CBED1}.Debug|Any CPU.Build.0 = Debug|Any CPU
		{FB6D1960-E8FC-4798-AF89-E49FF70CBED1}.Release|Any CPU.ActiveCfg = Release|Any CPU
		{FB6D1960-E8FC-4798-AF89-E49FF70CBED1}.Release|Any CPU.Build.0 = Release|Any CPU
	EndGlobalSection
	GlobalSection(SolutionProperties) = preSolution
		HideSolutionNode = FALSE
	EndGlobalSection
	GlobalSection(ExtensibilityGlobals) = postSolution
		SolutionGuid = {FCC73FCD-F2F9-437D-90CC-C1642572C6B1}
	EndGlobalSection
EndGlobal
